
Microsoft Visual Studio Solution File, Format Version 12.00
# Visual Studio Version 16
VisualStudioVersion = 25.0.1703.7
MinimumVisualStudioVersion = 10.0.40219.1
Project("{FAE04EC0-301F-11D3-BF4B-00C04F79EFBC}") = "codeAlong4", "codeAlong4\codeAlong4.csproj", "{C3A9F305-9E07-46D5-AAA8-00362748E450}"
EndProject
Project("{FAE04EC0-301F-11D3-BF4B-00C04F79EFBC}") = "DataLayer", "DataLayer\DataLayer.csproj", "{231D01B2-E5C5-4614-ACAD-6D5FFAD9B33C}"
EndProject
Project("{FAE04EC0-301F-11D3-BF4B-00C04F79EFBC}") = "MyApp", "MyApp\MyApp.csproj", "{3F25C342-47BE-4423-8BA3-0B1DC41435BF}"
EndProject
Global
	GlobalSection(SolutionConfigurationPlatforms) = preSolution
		Debug|Any CPU = Debug|Any CPU
		Release|Any CPU = Release|Any CPU
	EndGlobalSection
	GlobalSection(ProjectConfigurationPlatforms) = postSolution
		{C3A9F305-9E07-46D5-AAA8-00362748E450}.Debug|Any CPU.ActiveCfg = Debug|Any CPU
		{C3A9F305-9E07-46D5-AAA8-00362748E450}.Debug|Any CPU.Build.0 = Debug|Any CPU
		{C3A9F305-9E07-46D5-AAA8-00362748E450}.Release|Any CPU.ActiveCfg = Release|Any CPU
		{C3A9F305-9E07-46D5-AAA8-00362748E450}.Release|Any CPU.Build.0 = Release|Any CPU
		{231D01B2-E5C5-4614-ACAD-6D5FFAD9B33C}.Debug|Any CPU.ActiveCfg = Debug|Any CPU
		{231D01B2-E5C5-4614-ACAD-6D5FFAD9B33C}.Debug|Any CPU.Build.0 = Debug|Any CPU
		{231D01B2-E5C5-4614-ACAD-6D5FFAD9B33C}.Release|Any CPU.ActiveCfg = Release|Any CPU
		{231D01B2-E5C5-4614-ACAD-6D5FFAD9B33C}.Release|Any CPU.Build.0 = Release|Any CPU
		{3F25C342-47BE-4423-8BA3-0B1DC41435BF}.Debug|Any CPU.ActiveCfg = Debug|Any CPU
		{3F25C342-47BE-4423-8BA3-0B1DC41435BF}.Debug|Any CPU.Build.0 = Debug|Any CPU
		{3F25C342-47BE-4423-8BA3-0B1DC41435BF}.Release|Any CPU.ActiveCfg = Release|Any CPU
		{3F25C342-47BE-4423-8BA3-0B1DC41435BF}.Release|Any CPU.Build.0 = Release|Any CPU
	EndGlobalSection
	GlobalSection(SolutionProperties) = preSolution
		HideSolutionNode = FALSE
	EndGlobalSection
	GlobalSection(ExtensibilityGlobals) = postSolution
		SolutionGuid = {4A35343C-ACB7-4E11-AAA8-592F45CF9CEF}
	EndGlobalSection
EndGlobal
